
Microsoft Visual Studio Solution File, Format Version 12.00
# Visual Studio 2013
Project("{FAE04EC0-301F-11D3-BF4B-00C04F79EFBC}") = "my2dgame.CSharp", "my2dgame.CSharp.csproj", "{32360E0C-51A2-3BCB-0E63-7B3C9108E046}"
EndProject
Global
	GlobalSection(SolutionConfigurationPlatforms) = preSolution
		Debug|Any CPU = Debug|Any CPU
		Release|Any CPU = Release|Any CPU
	EndGlobalSection
	GlobalSection(ProjectConfigurationPlatforms) = postSolution
		{32360E0C-51A2-3BCB-0E63-7B3C9108E046}.Debug|Any CPU.ActiveCfg = Debug|Any CPU
		{32360E0C-51A2-3BCB-0E63-7B3C9108E046}.Debug|Any CPU.Build.0 = Debug|Any CPU
		{32360E0C-51A2-3BCB-0E63-7B3C9108E046}.Release|Any CPU.ActiveCfg = Release|Any CPU
		{32360E0C-51A2-3BCB-0E63-7B3C9108E046}.Release|Any CPU.Build.0 = Release|Any CPU
	EndGlobalSection
	GlobalSection(SolutionProperties) = preSolution
		HideSolutionNode = FALSE
	EndGlobalSection
EndGlobal
